
Microsoft Visual Studio Solution File, Format Version 12.00
# Visual Studio Version 16
VisualStudioVersion = 16.0.31515.178
MinimumVisualStudioVersion = 10.0.40219.1
Project("{FAE04EC0-301F-11D3-BF4B-00C04F79EFBC}") = "Usuario.Api", "Usuario.Api\Usuario.Api.csproj", "{2E6298E1-5742-4360-BDC8-044F3FEA7275}"
EndProject
Project("{FAE04EC0-301F-11D3-BF4B-00C04F79EFBC}") = "Usuarios.Dominio", "Usuarios.Dominio\Usuarios.Dominio.csproj", "{C2D9018B-1552-4071-BCE6-EE8963885E9A}"
EndProject
Project("{FAE04EC0-301F-11D3-BF4B-00C04F79EFBC}") = "Usuarios.Infra", "Usuarios.Infra\Usuarios.Infra.csproj", "{FC936A0B-7189-4C38-A0B7-1FAF62F6517B}"
EndProject
Project("{FAE04EC0-301F-11D3-BF4B-00C04F79EFBC}") = "Usuarios.Aplicacao", "Usuarios.Aplicacao\Usuarios.Aplicacao.csproj", "{3E2B771F-7D5C-4398-BCE3-3F2F9B15238D}"
EndProject
Global
	GlobalSection(SolutionConfigurationPlatforms) = preSolution
		Debug|Any CPU = Debug|Any CPU
		Release|Any CPU = Release|Any CPU
	EndGlobalSection
	GlobalSection(ProjectConfigurationPlatforms) = postSolution
		{2E6298E1-5742-4360-BDC8-044F3FEA7275}.Debug|Any CPU.ActiveCfg = Debug|Any CPU
		{2E6298E1-5742-4360-BDC8-044F3FEA7275}.Debug|Any CPU.Build.0 = Debug|Any CPU
		{2E6298E1-5742-4360-BDC8-044F3FEA7275}.Release|Any CPU.ActiveCfg = Release|Any CPU
		{2E6298E1-5742-4360-BDC8-044F3FEA7275}.Release|Any CPU.Build.0 = Release|Any CPU
		{C2D9018B-1552-4071-BCE6-EE8963885E9A}.Debug|Any CPU.ActiveCfg = Debug|Any CPU
		{C2D9018B-1552-4071-BCE6-EE8963885E9A}.Debug|Any CPU.Build.0 = Debug|Any CPU
		{C2D9018B-1552-4071-BCE6-EE8963885E9A}.Release|Any CPU.ActiveCfg = Release|Any CPU
		{C2D9018B-1552-4071-BCE6-EE8963885E9A}.Release|Any CPU.Build.0 = Release|Any CPU
		{FC936A0B-7189-4C38-A0B7-1FAF62F6517B}.Debug|Any CPU.ActiveCfg = Debug|Any CPU
		{FC936A0B-7189-4C38-A0B7-1FAF62F6517B}.Debug|Any CPU.Build.0 = Debug|Any CPU
		{FC936A0B-7189-4C38-A0B7-1FAF62F6517B}.Release|Any CPU.ActiveCfg = Release|Any CPU
		{FC936A0B-7189-4C38-A0B7-1FAF62F6517B}.Release|Any CPU.Build.0 = Release|Any CPU
		{3E2B771F-7D5C-4398-BCE3-3F2F9B15238D}.Debug|Any CPU.ActiveCfg = Debug|Any CPU
		{3E2B771F-7D5C-4398-BCE3-3F2F9B15238D}.Debug|Any CPU.Build.0 = Debug|Any CPU
		{3E2B771F-7D5C-4398-BCE3-3F2F9B15238D}.Release|Any CPU.ActiveCfg = Release|Any CPU
		{3E2B771F-7D5C-4398-BCE3-3F2F9B15238D}.Release|Any CPU.Build.0 = Release|Any CPU
	EndGlobalSection
	GlobalSection(SolutionProperties) = preSolution
		HideSolutionNode = FALSE
	EndGlobalSection
	GlobalSection(ExtensibilityGlobals) = postSolution
		SolutionGuid = {D7B0F79C-6D57-477E-A2D8-1F56A7F7C6A4}
	EndGlobalSection
EndGlobal
